// !$*UTF8*$!
{
	archiveVersion = 1;
	classes = {
	};
	objectVersion = 56;
	objects = {

/* Begin PBXBuildFile section */
		18A1CD0328BE543000054923 /* PallasApp.swift in Sources */ = {isa = PBXBuildFile; fileRef = 18A1CD0228BE543000054923 /* PallasApp.swift */; };
		18A1CD0528BE543000054923 /* ContentView.swift in Sources */ = {isa = PBXBuildFile; fileRef = 18A1CD0428BE543000054923 /* ContentView.swift */; };
		18A1CD0728BE543100054923 /* Assets.xcassets in Resources */ = {isa = PBXBuildFile; fileRef = 18A1CD0628BE543100054923 /* Assets.xcassets */; };
		18A1CD0A28BE543100054923 /* Preview Assets.xcassets in Resources */ = {isa = PBXBuildFile; fileRef = 18A1CD0928BE543100054923 /* Preview Assets.xcassets */; };
		18A1CD1428BE543100054923 /* PallasTests.swift in Sources */ = {isa = PBXBuildFile; fileRef = 18A1CD1328BE543100054923 /* PallasTests.swift */; };
		18A1CD1E28BE543100054923 /* PallasUITests.swift in Sources */ = {isa = PBXBuildFile; fileRef = 18A1CD1D28BE543100054923 /* PallasUITests.swift */; };
		18A1CD2028BE543100054923 /* PallasUITestsLaunchTests.swift in Sources */ = {isa = PBXBuildFile; fileRef = 18A1CD1F28BE543100054923 /* PallasUITestsLaunchTests.swift */; };
/* End PBXBuildFile section */

/* Begin PBXContainerItemProxy section */
		18A1CD1028BE543100054923 /* PBXContainerItemProxy */ = {
			isa = PBXContainerItemProxy;
			containerPortal = 18A1CCF728BE543000054923 /* Project object */;
			proxyType = 1;
			remoteGlobalIDString = 18A1CCFE28BE543000054923;
			remoteInfo = Pallas;
		};
		18A1CD1A28BE543100054923 /* PBXContainerItemProxy */ = {
			isa = PBXContainerItemProxy;
			containerPortal = 18A1CCF728BE543000054923 /* Project object */;
			proxyType = 1;
			remoteGlobalIDString = 18A1CCFE28BE543000054923;
			remoteInfo = Pallas;
		};
/* End PBXContainerItemProxy section */

/* Begin PBXFileReference section */
		18A1CCFF28BE543000054923 /* Pallas.app */ = {isa = PBXFileReference; explicitFileType = wrapper.application; includeInIndex = 0; path = Pallas.app; sourceTree = BUILT_PRODUCTS_DIR; };
		18A1CD0228BE543000054923 /* PallasApp.swift */ = {isa = PBXFileReference; lastKnownFileType = sourcecode.swift; path = PallasApp.swift; sourceTree = "<group>"; };
		18A1CD0428BE543000054923 /* ContentView.swift */ = {isa = PBXFileReference; lastKnownFileType = sourcecode.swift; path = ContentView.swift; sourceTree = "<group>"; };
		18A1CD0628BE543100054923 /* Assets.xcassets */ = {isa = PBXFileReference; lastKnownFileType = folder.assetcatalog; path = Assets.xcassets; sourceTree = "<group>"; };
		18A1CD0928BE543100054923 /* Preview Assets.xcassets */ = {isa = PBXFileReference; lastKnownFileType = folder.assetcatalog; path = "Preview Assets.xcassets"; sourceTree = "<group>"; };
		18A1CD0F28BE543100054923 /* PallasTests.xctest */ = {isa = PBXFileReference; explicitFileType = wrapper.cfbundle; includeInIndex = 0; path = PallasTests.xctest; sourceTree = BUILT_PRODUCTS_DIR; };
		18A1CD1328BE543100054923 /* PallasTests.swift */ = {isa = PBXFileReference; lastKnownFileType = sourcecode.swift; path = PallasTests.swift; sourceTree = "<group>"; };
		18A1CD1928BE543100054923 /* PallasUITests.xctest */ = {isa = PBXFileReference; explicitFileType = wrapper.cfbundle; includeInIndex = 0; path = PallasUITests.xctest; sourceTree = BUILT_PRODUCTS_DIR; };
		18A1CD1D28BE543100054923 /* PallasUITests.swift */ = {isa = PBXFileReference; lastKnownFileType = sourcecode.swift; path = PallasUITests.swift; sourceTree = "<group>"; };
		18A1CD1F28BE543100054923 /* PallasUITestsLaunchTests.swift */ = {isa = PBXFileReference; lastKnownFileType = sourcecode.swift; path = PallasUITestsLaunchTests.swift; sourceTree = "<group>"; };
/* End PBXFileReference section */

/* Begin PBXFrameworksBuildPhase section */
		18A1CCFC28BE543000054923 /* Frameworks */ = {
			isa = PBXFrameworksBuildPhase;
			buildActionMask = 2147483647;
			files = (
			);
			runOnlyForDeploymentPostprocessing = 0;
		};
		18A1CD0C28BE543100054923 /* Frameworks */ = {
			isa = PBXFrameworksBuildPhase;
			buildActionMask = 2147483647;
			files = (
			);
			runOnlyForDeploymentPostprocessing = 0;
		};
		18A1CD1628BE543100054923 /* Frameworks */ = {
			isa = PBXFrameworksBuildPhase;
			buildActionMask = 2147483647;
			files = (
			);
			runOnlyForDeploymentPostprocessing = 0;
		};
/* End PBXFrameworksBuildPhase section */

/* Begin PBXGroup section */
		18A1CCF628BE543000054923 = {
			isa = PBXGroup;
			children = (
				18A1CD0128BE543000054923 /* Pallas */,
				18A1CD1228BE543100054923 /* PallasTests */,
				18A1CD1C28BE543100054923 /* PallasUITests */,
				18A1CD0028BE543000054923 /* Products */,
			);
			sourceTree = "<group>";
		};
		18A1CD0028BE543000054923 /* Products */ = {
			isa = PBXGroup;
			children = (
				18A1CCFF28BE543000054923 /* Pallas.app */,
				18A1CD0F28BE543100054923 /* PallasTests.xctest */,
				18A1CD1928BE543100054923 /* PallasUITests.xctest */,
			);
			name = Products;
			sourceTree = "<group>";
		};
		18A1CD0128BE543000054923 /* Pallas */ = {
			isa = PBXGroup;
			children = (
				18A1CD0228BE543000054923 /* PallasApp.swift */,
				18A1CD0428BE543000054923 /* ContentView.swift */,
				18A1CD0628BE543100054923 /* Assets.xcassets */,
				18A1CD0828BE543100054923 /* Preview Content */,
			);
			path = Pallas;
			sourceTree = "<group>";
		};
		18A1CD0828BE543100054923 /* Preview Content */ = {
			isa = PBXGroup;
			children = (
				18A1CD0928BE543100054923 /* Preview Assets.xcassets */,
			);
			path = "Preview Content";
			sourceTree = "<group>";
		};
		18A1CD1228BE543100054923 /* PallasTests */ = {
			isa = PBXGroup;
			children = (
				18A1CD1328BE543100054923 /* PallasTests.swift */,
			);
			path = PallasTests;
			sourceTree = "<group>";
		};
		18A1CD1C28BE543100054923 /* PallasUITests */ = {
			isa = PBXGroup;
			children = (
				18A1CD1D28BE543100054923 /* PallasUITests.swift */,
				18A1CD1F28BE543100054923 /* PallasUITestsLaunchTests.swift */,
			);
			path = PallasUITests;
			sourceTree = "<group>";
		};
/* End PBXGroup section */

/* Begin PBXNativeTarget section */
		18A1CCFE28BE543000054923 /* Pallas */ = {
			isa = PBXNativeTarget;
			buildConfigurationList = 18A1CD2328BE543100054923 /* Build configuration list for PBXNativeTarget "Pallas" */;
			buildPhases = (
				18A1CCFB28BE543000054923 /* Sources */,
				18A1CCFC28BE543000054923 /* Frameworks */,
				18A1CCFD28BE543000054923 /* Resources */,
			);
			buildRules = (
			);
			dependencies = (
			);
			name = Pallas;
			productName = Pallas;
			productReference = 18A1CCFF28BE543000054923 /* Pallas.app */;
			productType = "com.apple.product-type.application";
		};
		18A1CD0E28BE543100054923 /* PallasTests */ = {
			isa = PBXNativeTarget;
			buildConfigurationList = 18A1CD2628BE543100054923 /* Build configuration list for PBXNativeTarget "PallasTests" */;
			buildPhases = (
				18A1CD0B28BE543100054923 /* Sources */,
				18A1CD0C28BE543100054923 /* Frameworks */,
				18A1CD0D28BE543100054923 /* Resources */,
			);
			buildRules = (
			);
			dependencies = (
				18A1CD1128BE543100054923 /* PBXTargetDependency */,
			);
			name = PallasTests;
			productName = PallasTests;
			productReference = 18A1CD0F28BE543100054923 /* PallasTests.xctest */;
			productType = "com.apple.product-type.bundle.unit-test";
		};
		18A1CD1828BE543100054923 /* PallasUITests */ = {
			isa = PBXNativeTarget;
			buildConfigurationList = 18A1CD2928BE543100054923 /* Build configuration list for PBXNativeTarget "PallasUITests" */;
			buildPhases = (
				18A1CD1528BE543100054923 /* Sources */,
				18A1CD1628BE543100054923 /* Frameworks */,
				18A1CD1728BE543100054923 /* Resources */,
			);
			buildRules = (
			);
			dependencies = (
				18A1CD1B28BE543100054923 /* PBXTargetDependency */,
			);
			name = PallasUITests;
			productName = PallasUITests;
			productReference = 18A1CD1928BE543100054923 /* PallasUITests.xctest */;
			productType = "com.apple.product-type.bundle.ui-testing";
		};
/* End PBXNativeTarget section */

/* Begin PBXProject section */
		18A1CCF728BE543000054923 /* Project object */ = {
			isa = PBXProject;
			attributes = {
				BuildIndependentTargetsInParallel = 1;
				LastSwiftUpdateCheck = 1400;
				LastUpgradeCheck = 1400;
				TargetAttributes = {
					18A1CCFE28BE543000054923 = {
						CreatedOnToolsVersion = 14.0;
					};
					18A1CD0E28BE543100054923 = {
						CreatedOnToolsVersion = 14.0;
						TestTargetID = 18A1CCFE28BE543000054923;
					};
					18A1CD1828BE543100054923 = {
						CreatedOnToolsVersion = 14.0;
						TestTargetID = 18A1CCFE28BE543000054923;
					};
				};
			};
			buildConfigurationList = 18A1CCFA28BE543000054923 /* Build configuration list for PBXProject "Pallas" */;
			compatibilityVersion = "Xcode 14.0";
			developmentRegion = en;
			hasScannedForEncodings = 0;
			knownRegions = (
				en,
				Base,
			);
			mainGroup = 18A1CCF628BE543000054923;
			productRefGroup = 18A1CD0028BE543000054923 /* Products */;
			projectDirPath = "";
			projectRoot = "";
			targets = (
				18A1CCFE28BE543000054923 /* Pallas */,
				18A1CD0E28BE543100054923 /* PallasTests */,
				18A1CD1828BE543100054923 /* PallasUITests */,
			);
		};
/* End PBXProject section */

/* Begin PBXResourcesBuildPhase section */
		18A1CCFD28BE543000054923 /* Resources */ = {
			isa = PBXResourcesBuildPhase;
			buildActionMask = 2147483647;
			files = (
				18A1CD0A28BE543100054923 /* Preview Assets.xcassets in Resources */,
				18A1CD0728BE543100054923 /* Assets.xcassets in Resources */,
			);
			runOnlyForDeploymentPostprocessing = 0;
		};
		18A1CD0D28BE543100054923 /* Resources */ = {
			isa = PBXResourcesBuildPhase;
			buildActionMask = 2147483647;
			files = (
			);
			runOnlyForDeploymentPostprocessing = 0;
		};
		18A1CD1728BE543100054923 /* Resources */ = {
			isa = PBXResourcesBuildPhase;
			buildActionMask = 2147483647;
			files = (
			);
			runOnlyForDeploymentPostprocessing = 0;
		};
/* End PBXResourcesBuildPhase section */

/* Begin PBXSourcesBuildPhase section */
		18A1CCFB28BE543000054923 /* Sources */ = {
			isa = PBXSourcesBuildPhase;
			buildActionMask = 2147483647;
			files = (
				18A1CD0528BE543000054923 /* ContentView.swift in Sources */,
				18A1CD0328BE543000054923 /* PallasApp.swift in Sources */,
			);
			runOnlyForDeploymentPostprocessing = 0;
		};
		18A1CD0B28BE543100054923 /* Sources */ = {
			isa = PBXSourcesBuildPhase;
			buildActionMask = 2147483647;
			files = (
				18A1CD1428BE543100054923 /* PallasTests.swift in Sources */,
			);
			runOnlyForDeploymentPostprocessing = 0;
		};
		18A1CD1528BE543100054923 /* Sources */ = {
			isa = PBXSourcesBuildPhase;
			buildActionMask = 2147483647;
			files = (
				18A1CD1E28BE543100054923 /* PallasUITests.swift in Sources */,
				18A1CD2028BE543100054923 /* PallasUITestsLaunchTests.swift in Sources */,
			);
			runOnlyForDeploymentPostprocessing = 0;
		};
/* End PBXSourcesBuildPhase section */

/* Begin PBXTargetDependency section */
		18A1CD1128BE543100054923 /* PBXTargetDependency */ = {
			isa = PBXTargetDependency;
			target = 18A1CCFE28BE543000054923 /* Pallas */;
			targetProxy = 18A1CD1028BE543100054923 /* PBXContainerItemProxy */;
		};
		18A1CD1B28BE543100054923 /* PBXTargetDependency */ = {
			isa = PBXTargetDependency;
			target = 18A1CCFE28BE543000054923 /* Pallas */;
			targetProxy = 18A1CD1A28BE543100054923 /* PBXContainerItemProxy */;
		};
/* End PBXTargetDependency section */

/* Begin XCBuildConfiguration section */
		18A1CD2128BE543100054923 /* Debug */ = {
			isa = XCBuildConfiguration;
			buildSettings = {
				ALWAYS_SEARCH_USER_PATHS = NO;
				CLANG_ANALYZER_NONNULL = YES;
				CLANG_ANALYZER_NUMBER_OBJECT_CONVERSION = YES_AGGRESSIVE;
				CLANG_CXX_LANGUAGE_STANDARD = "gnu++20";
				CLANG_ENABLE_MODULES = YES;
				CLANG_ENABLE_OBJC_ARC = YES;
				CLANG_ENABLE_OBJC_WEAK = YES;
				CLANG_WARN_BLOCK_CAPTURE_AUTORELEASING = YES;
				CLANG_WARN_BOOL_CONVERSION = YES;
				CLANG_WARN_COMMA = YES;
				CLANG_WARN_CONSTANT_CONVERSION = YES;
				CLANG_WARN_DEPRECATED_OBJC_IMPLEMENTATIONS = YES;
				CLANG_WARN_DIRECT_OBJC_ISA_USAGE = YES_ERROR;
				CLANG_WARN_DOCUMENTATION_COMMENTS = YES;
				CLANG_WARN_EMPTY_BODY = YES;
				CLANG_WARN_ENUM_CONVERSION = YES;
				CLANG_WARN_INFINITE_RECURSION = YES;
				CLANG_WARN_INT_CONVERSION = YES;
				CLANG_WARN_NON_LITERAL_NULL_CONVERSION = YES;
				CLANG_WARN_OBJC_IMPLICIT_RETAIN_SELF = YES;
				CLANG_WARN_OBJC_LITERAL_CONVERSION = YES;
				CLANG_WARN_OBJC_ROOT_CLASS = YES_ERROR;
				CLANG_WARN_QUOTED_INCLUDE_IN_FRAMEWORK_HEADER = YES;
				CLANG_WARN_RANGE_LOOP_ANALYSIS = YES;
				CLANG_WARN_STRICT_PROTOTYPES = YES;
				CLANG_WARN_SUSPICIOUS_MOVE = YES;
				CLANG_WARN_UNGUARDED_AVAILABILITY = YES_AGGRESSIVE;
				CLANG_WARN_UNREACHABLE_CODE = YES;
				CLANG_WARN__DUPLICATE_METHOD_MATCH = YES;
				COPY_PHASE_STRIP = NO;
				DEBUG_INFORMATION_FORMAT = dwarf;
				ENABLE_STRICT_OBJC_MSGSEND = YES;
				ENABLE_TESTABILITY = YES;
				GCC_C_LANGUAGE_STANDARD = gnu11;
				GCC_DYNAMIC_NO_PIC = NO;
				GCC_NO_COMMON_BLOCKS = YES;
				GCC_OPTIMIZATION_LEVEL = 0;
				GCC_PREPROCESSOR_DEFINITIONS = (
					"DEBUG=1",
					"$(inherited)",
				);
				GCC_WARN_64_TO_32_BIT_CONVERSION = YES;
				GCC_WARN_ABOUT_RETURN_TYPE = YES_ERROR;
				GCC_WARN_UNDECLARED_SELECTOR = YES;
				GCC_WARN_UNINITIALIZED_AUTOS = YES_AGGRESSIVE;
				GCC_WARN_UNUSED_FUNCTION = YES;
				GCC_WARN_UNUSED_VARIABLE = YES;
				IPHONEOS_DEPLOYMENT_TARGET = 16.0;
				MTL_ENABLE_DEBUG_INFO = INCLUDE_SOURCE;
				MTL_FAST_MATH = YES;
				ONLY_ACTIVE_ARCH = YES;
				SDKROOT = iphoneos;
				SWIFT_ACTIVE_COMPILATION_CONDITIONS = DEBUG;
				SWIFT_OPTIMIZATION_LEVEL = "-Onone";
			};
			name = Debug;
		};
		18A1CD2228BE543100054923 /* Release */ = {
			isa = XCBuildConfiguration;
			buildSettings = {
				ALWAYS_SEARCH_USER_PATHS = NO;
				CLANG_ANALYZER_NONNULL = YES;
				CLANG_ANALYZER_NUMBER_OBJECT_CONVERSION = YES_AGGRESSIVE;
				CLANG_CXX_LANGUAGE_STANDARD = "gnu++20";
				CLANG_ENABLE_MODULES = YES;
				CLANG_ENABLE_OBJC_ARC = YES;
				CLANG_ENABLE_OBJC_WEAK = YES;
				CLANG_WARN_BLOCK_CAPTURE_AUTORELEASING = YES;
				CLANG_WARN_BOOL_CONVERSION = YES;
				CLANG_WARN_COMMA = YES;
				CLANG_WARN_CONSTANT_CONVERSION = YES;
				CLANG_WARN_DEPRECATED_OBJC_IMPLEMENTATIONS = YES;
				CLANG_WARN_DIRECT_OBJC_ISA_USAGE = YES_ERROR;
				CLANG_WARN_DOCUMENTATION_COMMENTS = YES;
				CLANG_WARN_EMPTY_BODY = YES;
				CLANG_WARN_ENUM_CONVERSION = YES;
				CLANG_WARN_INFINITE_RECURSION = YES;
				CLANG_WARN_INT_CONVERSION = YES;
				CLANG_WARN_NON_LITERAL_NULL_CONVERSION = YES;
				CLANG_WARN_OBJC_IMPLICIT_RETAIN_SELF = YES;
				CLANG_WARN_OBJC_LITERAL_CONVERSION = YES;
				CLANG_WARN_OBJC_ROOT_CLASS = YES_ERROR;
				CLANG_WARN_QUOTED_INCLUDE_IN_FRAMEWORK_HEADER = YES;
				CLANG_WARN_RANGE_LOOP_ANALYSIS = YES;
				CLANG_WARN_STRICT_PROTOTYPES = YES;
				CLANG_WARN_SUSPICIOUS_MOVE = YES;
				CLANG_WARN_UNGUARDED_AVAILABILITY = YES_AGGRESSIVE;
				CLANG_WARN_UNREACHABLE_CODE = YES;
				CLANG_WARN__DUPLICATE_METHOD_MATCH = YES;
				COPY_PHASE_STRIP = NO;
				DEBUG_INFORMATION_FORMAT = "dwarf-with-dsym";
				ENABLE_NS_ASSERTIONS = NO;
				ENABLE_STRICT_OBJC_MSGSEND = YES;
				GCC_C_LANGUAGE_STANDARD = gnu11;
				GCC_NO_COMMON_BLOCKS = YES;
				GCC_WARN_64_TO_32_BIT_CONVERSION = YES;
				GCC_WARN_ABOUT_RETURN_TYPE = YES_ERROR;
				GCC_WARN_UNDECLARED_SELECTOR = YES;
				GCC_WARN_UNINITIALIZED_AUTOS = YES_AGGRESSIVE;
				GCC_WARN_UNUSED_FUNCTION = YES;
				GCC_WARN_UNUSED_VARIABLE = YES;
				IPHONEOS_DEPLOYMENT_TARGET = 16.0;
				MTL_ENABLE_DEBUG_INFO = NO;
				MTL_FAST_MATH = YES;
				SDKROOT = iphoneos;
				SWIFT_COMPILATION_MODE = wholemodule;
				SWIFT_OPTIMIZATION_LEVEL = "-O";
				VALIDATE_PRODUCT = YES;
			};
			name = Release;
		};
		18A1CD2428BE543100054923 /* Debug */ = {
			isa = XCBuildConfiguration;
			buildSettings = {
				ASSETCATALOG_COMPILER_APPICON_NAME = AppIcon;
				ASSETCATALOG_COMPILER_GLOBAL_ACCENT_COLOR_NAME = AccentColor;
				CODE_SIGN_STYLE = Automatic;
				CURRENT_PROJECT_VERSION = 1;
				DEVELOPMENT_ASSET_PATHS = "\"Pallas/Preview Content\"";
				ENABLE_PREVIEWS = YES;
				GENERATE_INFOPLIST_FILE = YES;
				INFOPLIST_KEY_UIApplicationSceneManifest_Generation = YES;
				INFOPLIST_KEY_UIApplicationSupportsIndirectInputEvents = YES;
				INFOPLIST_KEY_UILaunchScreen_Generation = YES;
				INFOPLIST_KEY_UISupportedInterfaceOrientations_iPad = "UIInterfaceOrientationPortrait UIInterfaceOrientationPortraitUpsideDown UIInterfaceOrientationLandscapeLeft UIInterfaceOrientationLandscapeRight";
				INFOPLIST_KEY_UISupportedInterfaceOrientations_iPhone = "UIInterfaceOrientationPortrait UIInterfaceOrientationLandscapeLeft UIInterfaceOrientationLandscapeRight";
				LD_RUNPATH_SEARCH_PATHS = (
					"$(inherited)",
					"@executable_path/Frameworks",
				);
				MARKETING_VERSION = 1.0;
				PRODUCT_BUNDLE_IDENTIFIER = eu.edmundas.Pallas;
				PRODUCT_NAME = "$(TARGET_NAME)";
				SWIFT_EMIT_LOC_STRINGS = YES;
				SWIFT_VERSION = 5.0;
				TARGETED_DEVICE_FAMILY = "1,2";
			};
			name = Debug;
		};
		18A1CD2528BE543100054923 /* Release */ = {
			isa = XCBuildConfiguration;
			buildSettings = {
				ASSETCATALOG_COMPILER_APPICON_NAME = AppIcon;
				ASSETCATALOG_COMPILER_GLOBAL_ACCENT_COLOR_NAME = AccentColor;
				CODE_SIGN_STYLE = Automatic;
				CURRENT_PROJECT_VERSION = 1;
				DEVELOPMENT_ASSET_PATHS = "\"Pallas/Preview Content\"";
				ENABLE_PREVIEWS = YES;
				GENERATE_INFOPLIST_FILE = YES;
				INFOPLIST_KEY_UIApplicationSceneManifest_Generation = YES;
				INFOPLIST_KEY_UIApplicationSupportsIndirectInputEvents = YES;
				INFOPLIST_KEY_UILaunchScreen_Generation = YES;
				INFOPLIST_KEY_UISupportedInterfaceOrientations_iPad = "UIInterfaceOrientationPortrait UIInterfaceOrientationPortraitUpsideDown UIInterfaceOrientationLandscapeLeft UIInterfaceOrientationLandscapeRight";
				INFOPLIST_KEY_UISupportedInterfaceOrientations_iPhone = "UIInterfaceOrientationPortrait UIInterfaceOrientationLandscapeLeft UIInterfaceOrientationLandscapeRight";
				LD_RUNPATH_SEARCH_PATHS = (
					"$(inherited)",
					"@executable_path/Frameworks",
				);
				MARKETING_VERSION = 1.0;
				PRODUCT_BUNDLE_IDENTIFIER = eu.edmundas.Pallas;
				PRODUCT_NAME = "$(TARGET_NAME)";
				SWIFT_EMIT_LOC_STRINGS = YES;
				SWIFT_VERSION = 5.0;
				TARGETED_DEVICE_FAMILY = "1,2";
			};
			name = Release;
		};
		18A1CD2728BE543100054923 /* Debug */ = {
			isa = XCBuildConfiguration;
			buildSettings = {
				ALWAYS_EMBED_SWIFT_STANDARD_LIBRARIES = YES;
				BUNDLE_LOADER = "$(TEST_HOST)";
				CODE_SIGN_STYLE = Automatic;
				CURRENT_PROJECT_VERSION = 1;
				GENERATE_INFOPLIST_FILE = YES;
				IPHONEOS_DEPLOYMENT_TARGET = 16.0;
				MARKETING_VERSION = 1.0;
				PRODUCT_BUNDLE_IDENTIFIER = eu.edmundas.PallasTests;
				PRODUCT_NAME = "$(TARGET_NAME)";
				SWIFT_EMIT_LOC_STRINGS = NO;
				SWIFT_VERSION = 5.0;
				TARGETED_DEVICE_FAMILY = "1,2";
				TEST_HOST = "$(BUILT_PRODUCTS_DIR)/Pallas.app/$(BUNDLE_EXECUTABLE_FOLDER_PATH)/Pallas";
			};
			name = Debug;
		};
		18A1CD2828BE543100054923 /* Release */ = {
			isa = XCBuildConfiguration;
			buildSettings = {
				ALWAYS_EMBED_SWIFT_STANDARD_LIBRARIES = YES;
				BUNDLE_LOADER = "$(TEST_HOST)";
				CODE_SIGN_STYLE = Automatic;
				CURRENT_PROJECT_VERSION = 1;
				GENERATE_INFOPLIST_FILE = YES;
				IPHONEOS_DEPLOYMENT_TARGET = 16.0;
				MARKETING_VERSION = 1.0;
				PRODUCT_BUNDLE_IDENTIFIER = eu.edmundas.PallasTests;
				PRODUCT_NAME = "$(TARGET_NAME)";
				SWIFT_EMIT_LOC_STRINGS = NO;
				SWIFT_VERSION = 5.0;
				TARGETED_DEVICE_FAMILY = "1,2";
				TEST_HOST = "$(BUILT_PRODUCTS_DIR)/Pallas.app/$(BUNDLE_EXECUTABLE_FOLDER_PATH)/Pallas";
			};
			name = Release;
		};
		18A1CD2A28BE543100054923 /* Debug */ = {
			isa = XCBuildConfiguration;
			buildSettings = {
				ALWAYS_EMBED_SWIFT_STANDARD_LIBRARIES = YES;
				CODE_SIGN_STYLE = Automatic;
				CURRENT_PROJECT_VERSION = 1;
				GENERATE_INFOPLIST_FILE = YES;
				MARKETING_VERSION = 1.0;
				PRODUCT_BUNDLE_IDENTIFIER = eu.edmundas.PallasUITests;
				PRODUCT_NAME = "$(TARGET_NAME)";
				SWIFT_EMIT_LOC_STRINGS = NO;
				SWIFT_VERSION = 5.0;
				TARGETED_DEVICE_FAMILY = "1,2";
				TEST_TARGET_NAME = Pallas;
			};
			name = Debug;
		};
		18A1CD2B28BE543100054923 /* Release */ = {
			isa = XCBuildConfiguration;
			buildSettings = {
				ALWAYS_EMBED_SWIFT_STANDARD_LIBRARIES = YES;
				CODE_SIGN_STYLE = Automatic;
				CURRENT_PROJECT_VERSION = 1;
				GENERATE_INFOPLIST_FILE = YES;
				MARKETING_VERSION = 1.0;
				PRODUCT_BUNDLE_IDENTIFIER = eu.edmundas.PallasUITests;
				PRODUCT_NAME = "$(TARGET_NAME)";
				SWIFT_EMIT_LOC_STRINGS = NO;
				SWIFT_VERSION = 5.0;
				TARGETED_DEVICE_FAMILY = "1,2";
				TEST_TARGET_NAME = Pallas;
			};
			name = Release;
		};
/* End XCBuildConfiguration section */

/* Begin XCConfigurationList section */
		18A1CCFA28BE543000054923 /* Build configuration list for PBXProject "Pallas" */ = {
			isa = XCConfigurationList;
			buildConfigurations = (
				18A1CD2128BE543100054923 /* Debug */,
				18A1CD2228BE543100054923 /* Release */,
			);
			defaultConfigurationIsVisible = 0;
			defaultConfigurationName = Release;
		};
		18A1CD2328BE543100054923 /* Build configuration list for PBXNativeTarget "Pallas" */ = {
			isa = XCConfigurationList;
			buildConfigurations = (
				18A1CD2428BE543100054923 /* Debug */,
				18A1CD2528BE543100054923 /* Release */,
			);
			defaultConfigurationIsVisible = 0;
			defaultConfigurationName = Release;
		};
		18A1CD2628BE543100054923 /* Build configuration list for PBXNativeTarget "PallasTests" */ = {
			isa = XCConfigurationList;
			buildConfigurations = (
				18A1CD2728BE543100054923 /* Debug */,
				18A1CD2828BE543100054923 /* Release */,
			);
			defaultConfigurationIsVisible = 0;
			defaultConfigurationName = Release;
		};
		18A1CD2928BE543100054923 /* Build configuration list for PBXNativeTarget "PallasUITests" */ = {
			isa = XCConfigurationList;
			buildConfigurations = (
				18A1CD2A28BE543100054923 /* Debug */,
				18A1CD2B28BE543100054923 /* Release */,
			);
			defaultConfigurationIsVisible = 0;
			defaultConfigurationName = Release;
		};
/* End XCConfigurationList section */
	};
	rootObject = 18A1CCF728BE543000054923 /* Project object */;
}
